# This file is automatically @generated by Cargo.
# It is not intended for manual editing.
version = 3

[[package]]
name = "dealize"
version = "0.7.0"
source = "git+https://www.github.com/verdex/dealize?tag=release-0.7.0#dd92865c70a34cb6831e066848362a9a33c1c84e"

[[package]]
name = "le"
version = "0.1.0"
dependencies = [
 "dealize",
]
